
Microsoft Visual Studio Solution File, Format Version 12.00
# Visual Studio Version 17
VisualStudioVersion = 17.4.33213.308
MinimumVisualStudioVersion = 10.0.40219.1
Project("{FAE04EC0-301F-11D3-BF4B-00C04F79EFBC}") = "Todov2", "Todov2.csproj", "{0C5B9152-F914-4B1D-B7D6-8FBC6C32255A}"
EndProject
Global
	GlobalSection(SolutionConfigurationPlatforms) = preSolution
		Debug|Any CPU = Debug|Any CPU
		Release|Any CPU = Release|Any CPU
	EndGlobalSection
	GlobalSection(ProjectConfigurationPlatforms) = postSolution
		{0C5B9152-F914-4B1D-B7D6-8FBC6C32255A}.Debug|Any CPU.ActiveCfg = Debug|Any CPU
		{0C5B9152-F914-4B1D-B7D6-8FBC6C32255A}.Debug|Any CPU.Build.0 = Debug|Any CPU
		{0C5B9152-F914-4B1D-B7D6-8FBC6C32255A}.Release|Any CPU.ActiveCfg = Release|Any CPU
		{0C5B9152-F914-4B1D-B7D6-8FBC6C32255A}.Release|Any CPU.Build.0 = Release|Any CPU
	EndGlobalSection
	GlobalSection(SolutionProperties) = preSolution
		HideSolutionNode = FALSE
	EndGlobalSection
	GlobalSection(ExtensibilityGlobals) = postSolution
		SolutionGuid = {B93FA222-E995-4EE4-8BB4-9D3D01638502}
	EndGlobalSection
EndGlobal
